
Microsoft Visual Studio Solution File, Format Version 12.00
# Visual Studio Version 17
VisualStudioVersion = 17.3.32825.248
MinimumVisualStudioVersion = 10.0.40219.1
Project("{FAE04EC0-301F-11D3-BF4B-00C04F79EFBC}") = "fib", "fib.csproj", "{4F6E9059-982A-4E7E-8E9A-750AD21A7E4A}"
EndProject
Global
	GlobalSection(SolutionConfigurationPlatforms) = preSolution
		Debug|Any CPU = Debug|Any CPU
		Release|Any CPU = Release|Any CPU
	EndGlobalSection
	GlobalSection(ProjectConfigurationPlatforms) = postSolution
		{4F6E9059-982A-4E7E-8E9A-750AD21A7E4A}.Debug|Any CPU.ActiveCfg = Debug|Any CPU
		{4F6E9059-982A-4E7E-8E9A-750AD21A7E4A}.Debug|Any CPU.Build.0 = Debug|Any CPU
		{4F6E9059-982A-4E7E-8E9A-750AD21A7E4A}.Release|Any CPU.ActiveCfg = Release|Any CPU
		{4F6E9059-982A-4E7E-8E9A-750AD21A7E4A}.Release|Any CPU.Build.0 = Release|Any CPU
	EndGlobalSection
	GlobalSection(SolutionProperties) = preSolution
		HideSolutionNode = FALSE
	EndGlobalSection
	GlobalSection(ExtensibilityGlobals) = postSolution
		SolutionGuid = {5D613E1F-181C-4D7A-8252-360D5DE78905}
	EndGlobalSection
EndGlobal
